
Microsoft Visual Studio Solution File, Format Version 12.00
# Visual Studio 2013
VisualStudioVersion = 12.0.21005.1
MinimumVisualStudioVersion = 10.0.40219.1
Project("{FAE04EC0-301F-11D3-BF4B-00C04F79EFBC}") = "BankAppConsole", "BankAppConsole\BankAppConsole.csproj", "{E07E0BF0-B802-4433-8228-BC296A85D6F4}"
EndProject
Project("{FAE04EC0-301F-11D3-BF4B-00C04F79EFBC}") = "TestBankApp", "TestBankApp\TestBankApp.csproj", "{6AAA2338-B418-435D-8ED8-81523AEB52B5}"
EndProject
Global
	GlobalSection(SolutionConfigurationPlatforms) = preSolution
		Debug|Any CPU = Debug|Any CPU
		Release|Any CPU = Release|Any CPU
	EndGlobalSection
	GlobalSection(ProjectConfigurationPlatforms) = postSolution
		{E07E0BF0-B802-4433-8228-BC296A85D6F4}.Debug|Any CPU.ActiveCfg = Debug|Any CPU
		{E07E0BF0-B802-4433-8228-BC296A85D6F4}.Debug|Any CPU.Build.0 = Debug|Any CPU
		{E07E0BF0-B802-4433-8228-BC296A85D6F4}.Release|Any CPU.ActiveCfg = Release|Any CPU
		{E07E0BF0-B802-4433-8228-BC296A85D6F4}.Release|Any CPU.Build.0 = Release|Any CPU
		{6AAA2338-B418-435D-8ED8-81523AEB52B5}.Debug|Any CPU.ActiveCfg = Debug|Any CPU
		{6AAA2338-B418-435D-8ED8-81523AEB52B5}.Debug|Any CPU.Build.0 = Debug|Any CPU
		{6AAA2338-B418-435D-8ED8-81523AEB52B5}.Release|Any CPU.ActiveCfg = Release|Any CPU
		{6AAA2338-B418-435D-8ED8-81523AEB52B5}.Release|Any CPU.Build.0 = Release|Any CPU
	EndGlobalSection
	GlobalSection(SolutionProperties) = preSolution
		HideSolutionNode = FALSE
	EndGlobalSection
EndGlobal
